
Microsoft Visual Studio Solution File, Format Version 12.00
# Visual Studio Version 17
VisualStudioVersion = 17.2.32526.322
MinimumVisualStudioVersion = 10.0.40219.1
Project("{FAE04EC0-301F-11D3-BF4B-00C04F79EFBC}") = "ChatEtChien", "ChatEtChien\ChatEtChien.csproj", "{CEE93C5D-070C-41F4-A3E6-FD13106CA727}"
EndProject
Project("{FAE04EC0-301F-11D3-BF4B-00C04F79EFBC}") = "Affichage", "Affichage\Affichage.csproj", "{DC328E8B-9AF8-4F20-8538-E86D07D1DA2D}"
EndProject
Project("{FAE04EC0-301F-11D3-BF4B-00C04F79EFBC}") = "Apocalypse", "Apocalypse\Apocalypse.csproj", "{2CEC51D5-3672-485E-8209-2629362AC1BE}"
EndProject
Global
	GlobalSection(SolutionConfigurationPlatforms) = preSolution
		Debug|Any CPU = Debug|Any CPU
		Release|Any CPU = Release|Any CPU
	EndGlobalSection
	GlobalSection(ProjectConfigurationPlatforms) = postSolution
		{CEE93C5D-070C-41F4-A3E6-FD13106CA727}.Debug|Any CPU.ActiveCfg = Debug|Any CPU
		{CEE93C5D-070C-41F4-A3E6-FD13106CA727}.Debug|Any CPU.Build.0 = Debug|Any CPU
		{CEE93C5D-070C-41F4-A3E6-FD13106CA727}.Release|Any CPU.ActiveCfg = Release|Any CPU
		{CEE93C5D-070C-41F4-A3E6-FD13106CA727}.Release|Any CPU.Build.0 = Release|Any CPU
		{DC328E8B-9AF8-4F20-8538-E86D07D1DA2D}.Debug|Any CPU.ActiveCfg = Debug|Any CPU
		{DC328E8B-9AF8-4F20-8538-E86D07D1DA2D}.Debug|Any CPU.Build.0 = Debug|Any CPU
		{DC328E8B-9AF8-4F20-8538-E86D07D1DA2D}.Release|Any CPU.ActiveCfg = Release|Any CPU
		{DC328E8B-9AF8-4F20-8538-E86D07D1DA2D}.Release|Any CPU.Build.0 = Release|Any CPU
		{2CEC51D5-3672-485E-8209-2629362AC1BE}.Debug|Any CPU.ActiveCfg = Debug|Any CPU
		{2CEC51D5-3672-485E-8209-2629362AC1BE}.Debug|Any CPU.Build.0 = Debug|Any CPU
		{2CEC51D5-3672-485E-8209-2629362AC1BE}.Release|Any CPU.ActiveCfg = Release|Any CPU
		{2CEC51D5-3672-485E-8209-2629362AC1BE}.Release|Any CPU.Build.0 = Release|Any CPU
	EndGlobalSection
	GlobalSection(SolutionProperties) = preSolution
		HideSolutionNode = FALSE
	EndGlobalSection
	GlobalSection(ExtensibilityGlobals) = postSolution
		SolutionGuid = {F932C659-F20F-4229-AA13-166D13EF3DBA}
	EndGlobalSection
EndGlobal
